
Microsoft Visual Studio Solution File, Format Version 12.00
# Visual Studio Version 17
VisualStudioVersion = 17.4.33122.133
MinimumVisualStudioVersion = 10.0.40219.1
Project("{FAE04EC0-301F-11D3-BF4B-00C04F79EFBC}") = "29.12", "29.12.csproj", "{ACB412F3-6737-4265-9E95-44792AEA9DDC}"
EndProject
Global
	GlobalSection(SolutionConfigurationPlatforms) = preSolution
		Debug|Any CPU = Debug|Any CPU
		Release|Any CPU = Release|Any CPU
	EndGlobalSection
	GlobalSection(ProjectConfigurationPlatforms) = postSolution
		{ACB412F3-6737-4265-9E95-44792AEA9DDC}.Debug|Any CPU.ActiveCfg = Debug|Any CPU
		{ACB412F3-6737-4265-9E95-44792AEA9DDC}.Debug|Any CPU.Build.0 = Debug|Any CPU
		{ACB412F3-6737-4265-9E95-44792AEA9DDC}.Release|Any CPU.ActiveCfg = Release|Any CPU
		{ACB412F3-6737-4265-9E95-44792AEA9DDC}.Release|Any CPU.Build.0 = Release|Any CPU
	EndGlobalSection
	GlobalSection(SolutionProperties) = preSolution
		HideSolutionNode = FALSE
	EndGlobalSection
	GlobalSection(ExtensibilityGlobals) = postSolution
		SolutionGuid = {A8EA138E-71FC-4698-96A2-56EC5B651D6D}
	EndGlobalSection
EndGlobal
